// !$*UTF8*$!
{
	archiveVersion = 1;
	classes = {
	};
	objectVersion = 50;
	objects = {

/* Begin PBXBuildFile section */
		BF02280C262928DD00A32D5E /* AppDelegate.m in Sources */ = {isa = PBXBuildFile; fileRef = BF02280B262928DD00A32D5E /* AppDelegate.m */; };
		BF02280F262928DD00A32D5E /* SceneDelegate.m in Sources */ = {isa = PBXBuildFile; fileRef = BF02280E262928DD00A32D5E /* SceneDelegate.m */; };
		BF022812262928DD00A32D5E /* ViewController.m in Sources */ = {isa = PBXBuildFile; fileRef = BF022811262928DD00A32D5E /* ViewController.m */; };
		BF022815262928DD00A32D5E /* Main.storyboard in Resources */ = {isa = PBXBuildFile; fileRef = BF022813262928DD00A32D5E /* Main.storyboard */; };
		BF022817262928E200A32D5E /* Assets.xcassets in Resources */ = {isa = PBXBuildFile; fileRef = BF022816262928E200A32D5E /* Assets.xcassets */; };
		BF02281A262928E200A32D5E /* LaunchScreen.storyboard in Resources */ = {isa = PBXBuildFile; fileRef = BF022818262928E200A32D5E /* LaunchScreen.storyboard */; };
		BF02281D262928E200A32D5E /* main.m in Sources */ = {isa = PBXBuildFile; fileRef = BF02281C262928E200A32D5E /* main.m */; };
		BF02282B26295F0000A32D5E /* NSString+Hash.m in Sources */ = {isa = PBXBuildFile; fileRef = BF02282A26295F0000A32D5E /* NSString+Hash.m */; };
		BF02282F262960C400A32D5E /* message.txt in Resources */ = {isa = PBXBuildFile; fileRef = BF02282E262960C400A32D5E /* message.txt */; };
/* End PBXBuildFile section */

/* Begin PBXFileReference section */
		BF022807262928DD00A32D5E /* HashTest.app */ = {isa = PBXFileReference; explicitFileType = wrapper.application; includeInIndex = 0; path = HashTest.app; sourceTree = BUILT_PRODUCTS_DIR; };
		BF02280A262928DD00A32D5E /* AppDelegate.h */ = {isa = PBXFileReference; lastKnownFileType = sourcecode.c.h; path = AppDelegate.h; sourceTree = "<group>"; };
		BF02280B262928DD00A32D5E /* AppDelegate.m */ = {isa = PBXFileReference; lastKnownFileType = sourcecode.c.objc; path = AppDelegate.m; sourceTree = "<group>"; };
		BF02280D262928DD00A32D5E /* SceneDelegate.h */ = {isa = PBXFileReference; lastKnownFileType = sourcecode.c.h; path = SceneDelegate.h; sourceTree = "<group>"; };
		BF02280E262928DD00A32D5E /* SceneDelegate.m */ = {isa = PBXFileReference; lastKnownFileType = sourcecode.c.objc; path = SceneDelegate.m; sourceTree = "<group>"; };
		BF022810262928DD00A32D5E /* ViewController.h */ = {isa = PBXFileReference; lastKnownFileType = sourcecode.c.h; path = ViewController.h; sourceTree = "<group>"; };
		BF022811262928DD00A32D5E /* ViewController.m */ = {isa = PBXFileReference; lastKnownFileType = sourcecode.c.objc; path = ViewController.m; sourceTree = "<group>"; };
		BF022814262928DD00A32D5E /* Base */ = {isa = PBXFileReference; lastKnownFileType = file.storyboard; name = Base; path = Base.lproj/Main.storyboard; sourceTree = "<group>"; };
		BF022816262928E200A32D5E /* Assets.xcassets */ = {isa = PBXFileReference; lastKnownFileType = folder.assetcatalog; path = Assets.xcassets; sourceTree = "<group>"; };
		BF022819262928E200A32D5E /* Base */ = {isa = PBXFileReference; lastKnownFileType = file.storyboard; name = Base; path = Base.lproj/LaunchScreen.storyboard; sourceTree = "<group>"; };
		BF02281B262928E200A32D5E /* Info.plist */ = {isa = PBXFileReference; lastKnownFileType = text.plist.xml; path = Info.plist; sourceTree = "<group>"; };
		BF02281C262928E200A32D5E /* main.m */ = {isa = PBXFileReference; lastKnownFileType = sourcecode.c.objc; path = main.m; sourceTree = "<group>"; };
		BF02282926295F0000A32D5E /* NSString+Hash.h */ = {isa = PBXFileReference; lastKnownFileType = sourcecode.c.h; path = "NSString+Hash.h"; sourceTree = "<group>"; };
		BF02282A26295F0000A32D5E /* NSString+Hash.m */ = {isa = PBXFileReference; lastKnownFileType = sourcecode.c.objc; path = "NSString+Hash.m"; sourceTree = "<group>"; };
		BF02282E262960C400A32D5E /* message.txt */ = {isa = PBXFileReference; fileEncoding = 4; lastKnownFileType = text; path = message.txt; sourceTree = "<group>"; };
/* End PBXFileReference section */

/* Begin PBXFrameworksBuildPhase section */
		BF022804262928DD00A32D5E /* Frameworks */ = {
			isa = PBXFrameworksBuildPhase;
			buildActionMask = 2147483647;
			files = (
			);
			runOnlyForDeploymentPostprocessing = 0;
		};
/* End PBXFrameworksBuildPhase section */

/* Begin PBXGroup section */
		BF0227FE262928DD00A32D5E = {
			isa = PBXGroup;
			children = (
				BF022809262928DD00A32D5E /* HashTest */,
				BF022808262928DD00A32D5E /* Products */,
			);
			sourceTree = "<group>";
		};
		BF022808262928DD00A32D5E /* Products */ = {
			isa = PBXGroup;
			children = (
				BF022807262928DD00A32D5E /* HashTest.app */,
			);
			name = Products;
			sourceTree = "<group>";
		};
		BF022809262928DD00A32D5E /* HashTest */ = {
			isa = PBXGroup;
			children = (
				BF02282926295F0000A32D5E /* NSString+Hash.h */,
				BF02282A26295F0000A32D5E /* NSString+Hash.m */,
				BF02282E262960C400A32D5E /* message.txt */,
				BF02280A262928DD00A32D5E /* AppDelegate.h */,
				BF02280B262928DD00A32D5E /* AppDelegate.m */,
				BF02280D262928DD00A32D5E /* SceneDelegate.h */,
				BF02280E262928DD00A32D5E /* SceneDelegate.m */,
				BF022810262928DD00A32D5E /* ViewController.h */,
				BF022811262928DD00A32D5E /* ViewController.m */,
				BF022813262928DD00A32D5E /* Main.storyboard */,
				BF022816262928E200A32D5E /* Assets.xcassets */,
				BF022818262928E200A32D5E /* LaunchScreen.storyboard */,
				BF02281B262928E200A32D5E /* Info.plist */,
				BF02281C262928E200A32D5E /* main.m */,
			);
			path = HashTest;
			sourceTree = "<group>";
		};
/* End PBXGroup section */

/* Begin PBXNativeTarget section */
		BF022806262928DD00A32D5E /* HashTest */ = {
			isa = PBXNativeTarget;
			buildConfigurationList = BF022820262928E200A32D5E /* Build configuration list for PBXNativeTarget "HashTest" */;
			buildPhases = (
				BF022803262928DD00A32D5E /* Sources */,
				BF022804262928DD00A32D5E /* Frameworks */,
				BF022805262928DD00A32D5E /* Resources */,
			);
			buildRules = (
			);
			dependencies = (
			);
			name = HashTest;
			productName = HashTest;
			productReference = BF022807262928DD00A32D5E /* HashTest.app */;
			productType = "com.apple.product-type.application";
		};
/* End PBXNativeTarget section */

/* Begin PBXProject section */
		BF0227FF262928DD00A32D5E /* Project object */ = {
			isa = PBXProject;
			attributes = {
				LastUpgradeCheck = 1240;
				TargetAttributes = {
					BF022806262928DD00A32D5E = {
						CreatedOnToolsVersion = 12.4;
					};
				};
			};
			buildConfigurationList = BF022802262928DD00A32D5E /* Build configuration list for PBXProject "HashTest" */;
			compatibilityVersion = "Xcode 9.3";
			developmentRegion = en;
			hasScannedForEncodings = 0;
			knownRegions = (
				en,
				Base,
			);
			mainGroup = BF0227FE262928DD00A32D5E;
			productRefGroup = BF022808262928DD00A32D5E /* Products */;
			projectDirPath = "";
			projectRoot = "";
			targets = (
				BF022806262928DD00A32D5E /* HashTest */,
			);
		};
/* End PBXProject section */

/* Begin PBXResourcesBuildPhase section */
		BF022805262928DD00A32D5E /* Resources */ = {
			isa = PBXResourcesBuildPhase;
			buildActionMask = 2147483647;
			files = (
				BF02281A262928E200A32D5E /* LaunchScreen.storyboard in Resources */,
				BF022817262928E200A32D5E /* Assets.xcassets in Resources */,
				BF02282F262960C400A32D5E /* message.txt in Resources */,
				BF022815262928DD00A32D5E /* Main.storyboard in Resources */,
			);
			runOnlyForDeploymentPostprocessing = 0;
		};
/* End PBXResourcesBuildPhase section */

/* Begin PBXSourcesBuildPhase section */
		BF022803262928DD00A32D5E /* Sources */ = {
			isa = PBXSourcesBuildPhase;
			buildActionMask = 2147483647;
			files = (
				BF022812262928DD00A32D5E /* ViewController.m in Sources */,
				BF02282B26295F0000A32D5E /* NSString+Hash.m in Sources */,
				BF02280C262928DD00A32D5E /* AppDelegate.m in Sources */,
				BF02281D262928E200A32D5E /* main.m in Sources */,
				BF02280F262928DD00A32D5E /* SceneDelegate.m in Sources */,
			);
			runOnlyForDeploymentPostprocessing = 0;
		};
/* End PBXSourcesBuildPhase section */

/* Begin PBXVariantGroup section */
		BF022813262928DD00A32D5E /* Main.storyboard */ = {
			isa = PBXVariantGroup;
			children = (
				BF022814262928DD00A32D5E /* Base */,
			);
			name = Main.storyboard;
			sourceTree = "<group>";
		};
		BF022818262928E200A32D5E /* LaunchScreen.storyboard */ = {
			isa = PBXVariantGroup;
			children = (
				BF022819262928E200A32D5E /* Base */,
			);
			name = LaunchScreen.storyboard;
			sourceTree = "<group>";
		};
/* End PBXVariantGroup section */

/* Begin XCBuildConfiguration section */
		BF02281E262928E200A32D5E /* Debug */ = {
			isa = XCBuildConfiguration;
			buildSettings = {
				ALWAYS_SEARCH_USER_PATHS = NO;
				CLANG_ANALYZER_NONNULL = YES;
				CLANG_ANALYZER_NUMBER_OBJECT_CONVERSION = YES_AGGRESSIVE;
				CLANG_CXX_LANGUAGE_STANDARD = "gnu++14";
				CLANG_CXX_LIBRARY = "libc++";
				CLANG_ENABLE_MODULES = YES;
				CLANG_ENABLE_OBJC_ARC = YES;
				CLANG_ENABLE_OBJC_WEAK = YES;
				CLANG_WARN_BLOCK_CAPTURE_AUTORELEASING = YES;
				CLANG_WARN_BOOL_CONVERSION = YES;
				CLANG_WARN_COMMA = YES;
				CLANG_WARN_CONSTANT_CONVERSION = YES;
				CLANG_WARN_DEPRECATED_OBJC_IMPLEMENTATIONS = YES;
				CLANG_WARN_DIRECT_OBJC_ISA_USAGE = YES_ERROR;
				CLANG_WARN_DOCUMENTATION_COMMENTS = YES;
				CLANG_WARN_EMPTY_BODY = YES;
				CLANG_WARN_ENUM_CONVERSION = YES;
				CLANG_WARN_INFINITE_RECURSION = YES;
				CLANG_WARN_INT_CONVERSION = YES;
				CLANG_WARN_NON_LITERAL_NULL_CONVERSION = YES;
				CLANG_WARN_OBJC_IMPLICIT_RETAIN_SELF = YES;
				CLANG_WARN_OBJC_LITERAL_CONVERSION = YES;
				CLANG_WARN_OBJC_ROOT_CLASS = YES_ERROR;
				CLANG_WARN_QUOTED_INCLUDE_IN_FRAMEWORK_HEADER = YES;
				CLANG_WARN_RANGE_LOOP_ANALYSIS = YES;
				CLANG_WARN_STRICT_PROTOTYPES = YES;
				CLANG_WARN_SUSPICIOUS_MOVE = YES;
				CLANG_WARN_UNGUARDED_AVAILABILITY = YES_AGGRESSIVE;
				CLANG_WARN_UNREACHABLE_CODE = YES;
				CLANG_WARN__DUPLICATE_METHOD_MATCH = YES;
				COPY_PHASE_STRIP = NO;
				DEBUG_INFORMATION_FORMAT = dwarf;
				ENABLE_STRICT_OBJC_MSGSEND = YES;
				ENABLE_TESTABILITY = YES;
				GCC_C_LANGUAGE_STANDARD = gnu11;
				GCC_DYNAMIC_NO_PIC = NO;
				GCC_NO_COMMON_BLOCKS = YES;
				GCC_OPTIMIZATION_LEVEL = 0;
				GCC_PREPROCESSOR_DEFINITIONS = (
					"DEBUG=1",
					"$(inherited)",
				);
				GCC_WARN_64_TO_32_BIT_CONVERSION = YES;
				GCC_WARN_ABOUT_RETURN_TYPE = YES_ERROR;
				GCC_WARN_UNDECLARED_SELECTOR = YES;
				GCC_WARN_UNINITIALIZED_AUTOS = YES_AGGRESSIVE;
				GCC_WARN_UNUSED_FUNCTION = YES;
				GCC_WARN_UNUSED_VARIABLE = YES;
				IPHONEOS_DEPLOYMENT_TARGET = 14.4;
				MTL_ENABLE_DEBUG_INFO = INCLUDE_SOURCE;
				MTL_FAST_MATH = YES;
				ONLY_ACTIVE_ARCH = YES;
				SDKROOT = iphoneos;
			};
			name = Debug;
		};
		BF02281F262928E200A32D5E /* Release */ = {
			isa = XCBuildConfiguration;
			buildSettings = {
				ALWAYS_SEARCH_USER_PATHS = NO;
				CLANG_ANALYZER_NONNULL = YES;
				CLANG_ANALYZER_NUMBER_OBJECT_CONVERSION = YES_AGGRESSIVE;
				CLANG_CXX_LANGUAGE_STANDARD = "gnu++14";
				CLANG_CXX_LIBRARY = "libc++";
				CLANG_ENABLE_MODULES = YES;
				CLANG_ENABLE_OBJC_ARC = YES;
				CLANG_ENABLE_OBJC_WEAK = YES;
				CLANG_WARN_BLOCK_CAPTURE_AUTORELEASING = YES;
				CLANG_WARN_BOOL_CONVERSION = YES;
				CLANG_WARN_COMMA = YES;
				CLANG_WARN_CONSTANT_CONVERSION = YES;
				CLANG_WARN_DEPRECATED_OBJC_IMPLEMENTATIONS = YES;
				CLANG_WARN_DIRECT_OBJC_ISA_USAGE = YES_ERROR;
				CLANG_WARN_DOCUMENTATION_COMMENTS = YES;
				CLANG_WARN_EMPTY_BODY = YES;
				CLANG_WARN_ENUM_CONVERSION = YES;
				CLANG_WARN_INFINITE_RECURSION = YES;
				CLANG_WARN_INT_CONVERSION = YES;
				CLANG_WARN_NON_LITERAL_NULL_CONVERSION = YES;
				CLANG_WARN_OBJC_IMPLICIT_RETAIN_SELF = YES;
				CLANG_WARN_OBJC_LITERAL_CONVERSION = YES;
				CLANG_WARN_OBJC_ROOT_CLASS = YES_ERROR;
				CLANG_WARN_QUOTED_INCLUDE_IN_FRAMEWORK_HEADER = YES;
				CLANG_WARN_RANGE_LOOP_ANALYSIS = YES;
				CLANG_WARN_STRICT_PROTOTYPES = YES;
				CLANG_WARN_SUSPICIOUS_MOVE = YES;
				CLANG_WARN_UNGUARDED_AVAILABILITY = YES_AGGRESSIVE;
				CLANG_WARN_UNREACHABLE_CODE = YES;
				CLANG_WARN__DUPLICATE_METHOD_MATCH = YES;
				COPY_PHASE_STRIP = NO;
				DEBUG_INFORMATION_FORMAT = "dwarf-with-dsym";
				ENABLE_NS_ASSERTIONS = NO;
				ENABLE_STRICT_OBJC_MSGSEND = YES;
				GCC_C_LANGUAGE_STANDARD = gnu11;
				GCC_NO_COMMON_BLOCKS = YES;
				GCC_WARN_64_TO_32_BIT_CONVERSION = YES;
				GCC_WARN_ABOUT_RETURN_TYPE = YES_ERROR;
				GCC_WARN_UNDECLARED_SELECTOR = YES;
				GCC_WARN_UNINITIALIZED_AUTOS = YES_AGGRESSIVE;
				GCC_WARN_UNUSED_FUNCTION = YES;
				GCC_WARN_UNUSED_VARIABLE = YES;
				IPHONEOS_DEPLOYMENT_TARGET = 14.4;
				MTL_ENABLE_DEBUG_INFO = NO;
				MTL_FAST_MATH = YES;
				SDKROOT = iphoneos;
				VALIDATE_PRODUCT = YES;
			};
			name = Release;
		};
		BF022821262928E200A32D5E /* Debug */ = {
			isa = XCBuildConfiguration;
			buildSettings = {
				ASSETCATALOG_COMPILER_APPICON_NAME = AppIcon;
				ASSETCATALOG_COMPILER_GLOBAL_ACCENT_COLOR_NAME = AccentColor;
				CODE_SIGN_STYLE = Automatic;
				INFOPLIST_FILE = HashTest/Info.plist;
				LD_RUNPATH_SEARCH_PATHS = (
					"$(inherited)",
					"@executable_path/Frameworks",
				);
				PRODUCT_BUNDLE_IDENTIFIER = com.guazai.HashTest;
				PRODUCT_NAME = "$(TARGET_NAME)";
				TARGETED_DEVICE_FAMILY = "1,2";
			};
			name = Debug;
		};
		BF022822262928E200A32D5E /* Release */ = {
			isa = XCBuildConfiguration;
			buildSettings = {
				ASSETCATALOG_COMPILER_APPICON_NAME = AppIcon;
				ASSETCATALOG_COMPILER_GLOBAL_ACCENT_COLOR_NAME = AccentColor;
				CODE_SIGN_STYLE = Automatic;
				INFOPLIST_FILE = HashTest/Info.plist;
				LD_RUNPATH_SEARCH_PATHS = (
					"$(inherited)",
					"@executable_path/Frameworks",
				);
				PRODUCT_BUNDLE_IDENTIFIER = com.guazai.HashTest;
				PRODUCT_NAME = "$(TARGET_NAME)";
				TARGETED_DEVICE_FAMILY = "1,2";
			};
			name = Release;
		};
/* End XCBuildConfiguration section */

/* Begin XCConfigurationList section */
		BF022802262928DD00A32D5E /* Build configuration list for PBXProject "HashTest" */ = {
			isa = XCConfigurationList;
			buildConfigurations = (
				BF02281E262928E200A32D5E /* Debug */,
				BF02281F262928E200A32D5E /* Release */,
			);
			defaultConfigurationIsVisible = 0;
			defaultConfigurationName = Release;
		};
		BF022820262928E200A32D5E /* Build configuration list for PBXNativeTarget "HashTest" */ = {
			isa = XCConfigurationList;
			buildConfigurations = (
				BF022821262928E200A32D5E /* Debug */,
				BF022822262928E200A32D5E /* Release */,
			);
			defaultConfigurationIsVisible = 0;
			defaultConfigurationName = Release;
		};
/* End XCConfigurationList section */
	};
	rootObject = BF0227FF262928DD00A32D5E /* Project object */;
}
